
Microsoft Visual Studio Solution File, Format Version 12.00
# Visual Studio Version 17
VisualStudioVersion = 17.3.32901.215
MinimumVisualStudioVersion = 10.0.40219.1
Project("{8BC9CEB8-8B4A-11D0-8D11-00A0C91BC942}") = "Task1", "Task1\Task1.vcxproj", "{389FB7F8-9317-4CBA-80F7-6A96DCEBF0F7}"
EndProject
Project("{8BC9CEB8-8B4A-11D0-8D11-00A0C91BC942}") = "Task2", "Task2\Task2.vcxproj", "{E52344AB-4FCB-44FF-BB7F-163449BFD79C}"
EndProject
Project("{8BC9CEB8-8B4A-11D0-8D11-00A0C91BC942}") = "Task3", "Task3\Task3.vcxproj", "{DF484470-D230-4E44-9916-29C23E64C515}"
EndProject
Project("{8BC9CEB8-8B4A-11D0-8D11-00A0C91BC942}") = "Task4", "Task4\Task4.vcxproj", "{A934C497-1D9C-4946-9CDE-69A83223E07B}"
EndProject
Project("{8BC9CEB8-8B4A-11D0-8D11-00A0C91BC942}") = "Task5", "Task5\Task5.vcxproj", "{9678543D-36D3-4AC4-BC7C-DD23BD3D5601}"
EndProject
Project("{8BC9CEB8-8B4A-11D0-8D11-00A0C91BC942}") = "Task6", "Task6\Task6.vcxproj", "{79DF9387-C7D1-4E98-B3D9-1F6EEA640D3C}"
EndProject
Project("{8BC9CEB8-8B4A-11D0-8D11-00A0C91BC942}") = "Task7", "Task7\Task7.vcxproj", "{5A184AED-7383-4CAB-84BB-8370FD73E596}"
EndProject
Project("{8BC9CEB8-8B4A-11D0-8D11-00A0C91BC942}") = "Task8", "Task8\Task8.vcxproj", "{85928B76-062E-4CD6-BC11-A17A1A3ED121}"
EndProject
Project("{8BC9CEB8-8B4A-11D0-8D11-00A0C91BC942}") = "Task9", "Task9\Task9.vcxproj", "{99B23083-6AB6-41C3-9E69-4C135EFB66CF}"
EndProject
Global
	GlobalSection(SolutionConfigurationPlatforms) = preSolution
		Debug|x64 = Debug|x64
		Debug|x86 = Debug|x86
		Release|x64 = Release|x64
		Release|x86 = Release|x86
	EndGlobalSection
	GlobalSection(ProjectConfigurationPlatforms) = postSolution
		{389FB7F8-9317-4CBA-80F7-6A96DCEBF0F7}.Debug|x64.ActiveCfg = Debug|x64
		{389FB7F8-9317-4CBA-80F7-6A96DCEBF0F7}.Debug|x64.Build.0 = Debug|x64
		{389FB7F8-9317-4CBA-80F7-6A96DCEBF0F7}.Debug|x86.ActiveCfg = Debug|Win32
		{389FB7F8-9317-4CBA-80F7-6A96DCEBF0F7}.Debug|x86.Build.0 = Debug|Win32
		{389FB7F8-9317-4CBA-80F7-6A96DCEBF0F7}.Release|x64.ActiveCfg = Release|x64
		{389FB7F8-9317-4CBA-80F7-6A96DCEBF0F7}.Release|x64.Build.0 = Release|x64
		{389FB7F8-9317-4CBA-80F7-6A96DCEBF0F7}.Release|x86.ActiveCfg = Release|Win32
		{389FB7F8-9317-4CBA-80F7-6A96DCEBF0F7}.Release|x86.Build.0 = Release|Win32
		{E52344AB-4FCB-44FF-BB7F-163449BFD79C}.Debug|x64.ActiveCfg = Debug|x64
		{E52344AB-4FCB-44FF-BB7F-163449BFD79C}.Debug|x64.Build.0 = Debug|x64
		{E52344AB-4FCB-44FF-BB7F-163449BFD79C}.Debug|x86.ActiveCfg = Debug|Win32
		{E52344AB-4FCB-44FF-BB7F-163449BFD79C}.Debug|x86.Build.0 = Debug|Win32
		{E52344AB-4FCB-44FF-BB7F-163449BFD79C}.Release|x64.ActiveCfg = Release|x64
		{E52344AB-4FCB-44FF-BB7F-163449BFD79C}.Release|x64.Build.0 = Release|x64
		{E52344AB-4FCB-44FF-BB7F-163449BFD79C}.Release|x86.ActiveCfg = Release|Win32
		{E52344AB-4FCB-44FF-BB7F-163449BFD79C}.Release|x86.Build.0 = Release|Win32
		{DF484470-D230-4E44-9916-29C23E64C515}.Debug|x64.ActiveCfg = Debug|x64
		{DF484470-D230-4E44-9916-29C23E64C515}.Debug|x64.Build.0 = Debug|x64
		{DF484470-D230-4E44-9916-29C23E64C515}.Debug|x86.ActiveCfg = Debug|Win32
		{DF484470-D230-4E44-9916-29C23E64C515}.Debug|x86.Build.0 = Debug|Win32
		{DF484470-D230-4E44-9916-29C23E64C515}.Release|x64.ActiveCfg = Release|x64
		{DF484470-D230-4E44-9916-29C23E64C515}.Release|x64.Build.0 = Release|x64
		{DF484470-D230-4E44-9916-29C23E64C515}.Release|x86.ActiveCfg = Release|Win32
		{DF484470-D230-4E44-9916-29C23E64C515}.Release|x86.Build.0 = Release|Win32
		{A934C497-1D9C-4946-9CDE-69A83223E07B}.Debug|x64.ActiveCfg = Debug|x64
		{A934C497-1D9C-4946-9CDE-69A83223E07B}.Debug|x64.Build.0 = Debug|x64
		{A934C497-1D9C-4946-9CDE-69A83223E07B}.Debug|x86.ActiveCfg = Debug|Win32
		{A934C497-1D9C-4946-9CDE-69A83223E07B}.Debug|x86.Build.0 = Debug|Win32
		{A934C497-1D9C-4946-9CDE-69A83223E07B}.Release|x64.ActiveCfg = Release|x64
		{A934C497-1D9C-4946-9CDE-69A83223E07B}.Release|x64.Build.0 = Release|x64
		{A934C497-1D9C-4946-9CDE-69A83223E07B}.Release|x86.ActiveCfg = Release|Win32
		{A934C497-1D9C-4946-9CDE-69A83223E07B}.Release|x86.Build.0 = Release|Win32
		{9678543D-36D3-4AC4-BC7C-DD23BD3D5601}.Debug|x64.ActiveCfg = Debug|x64
		{9678543D-36D3-4AC4-BC7C-DD23BD3D5601}.Debug|x64.Build.0 = Debug|x64
		{9678543D-36D3-4AC4-BC7C-DD23BD3D5601}.Debug|x86.ActiveCfg = Debug|Win32
		{9678543D-36D3-4AC4-BC7C-DD23BD3D5601}.Debug|x86.Build.0 = Debug|Win32
		{9678543D-36D3-4AC4-BC7C-DD23BD3D5601}.Release|x64.ActiveCfg = Release|x64
		{9678543D-36D3-4AC4-BC7C-DD23BD3D5601}.Release|x64.Build.0 = Release|x64
		{9678543D-36D3-4AC4-BC7C-DD23BD3D5601}.Release|x86.ActiveCfg = Release|Win32
		{9678543D-36D3-4AC4-BC7C-DD23BD3D5601}.Release|x86.Build.0 = Release|Win32
		{79DF9387-C7D1-4E98-B3D9-1F6EEA640D3C}.Debug|x64.ActiveCfg = Debug|x64
		{79DF9387-C7D1-4E98-B3D9-1F6EEA640D3C}.Debug|x64.Build.0 = Debug|x64
		{79DF9387-C7D1-4E98-B3D9-1F6EEA640D3C}.Debug|x86.ActiveCfg = Debug|Win32
		{79DF9387-C7D1-4E98-B3D9-1F6EEA640D3C}.Debug|x86.Build.0 = Debug|Win32
		{79DF9387-C7D1-4E98-B3D9-1F6EEA640D3C}.Release|x64.ActiveCfg = Release|x64
		{79DF9387-C7D1-4E98-B3D9-1F6EEA640D3C}.Release|x64.Build.0 = Release|x64
		{79DF9387-C7D1-4E98-B3D9-1F6EEA640D3C}.Release|x86.ActiveCfg = Release|Win32
		{79DF9387-C7D1-4E98-B3D9-1F6EEA640D3C}.Release|x86.Build.0 = Release|Win32
		{5A184AED-7383-4CAB-84BB-8370FD73E596}.Debug|x64.ActiveCfg = Debug|x64
		{5A184AED-7383-4CAB-84BB-8370FD73E596}.Debug|x64.Build.0 = Debug|x64
		{5A184AED-7383-4CAB-84BB-8370FD73E596}.Debug|x86.ActiveCfg = Debug|Win32
		{5A184AED-7383-4CAB-84BB-8370FD73E596}.Debug|x86.Build.0 = Debug|Win32
		{5A184AED-7383-4CAB-84BB-8370FD73E596}.Release|x64.ActiveCfg = Release|x64
		{5A184AED-7383-4CAB-84BB-8370FD73E596}.Release|x64.Build.0 = Release|x64
		{5A184AED-7383-4CAB-84BB-8370FD73E596}.Release|x86.ActiveCfg = Release|Win32
		{5A184AED-7383-4CAB-84BB-8370FD73E596}.Release|x86.Build.0 = Release|Win32
		{85928B76-062E-4CD6-BC11-A17A1A3ED121}.Debug|x64.ActiveCfg = Debug|x64
		{85928B76-062E-4CD6-BC11-A17A1A3ED121}.Debug|x64.Build.0 = Debug|x64
		{85928B76-062E-4CD6-BC11-A17A1A3ED121}.Debug|x86.ActiveCfg = Debug|Win32
		{85928B76-062E-4CD6-BC11-A17A1A3ED121}.Debug|x86.Build.0 = Debug|Win32
		{85928B76-062E-4CD6-BC11-A17A1A3ED121}.Release|x64.ActiveCfg = Release|x64
		{85928B76-062E-4CD6-BC11-A17A1A3ED121}.Release|x64.Build.0 = Release|x64
		{85928B76-062E-4CD6-BC11-A17A1A3ED121}.Release|x86.ActiveCfg = Release|Win32
		{85928B76-062E-4CD6-BC11-A17A1A3ED121}.Release|x86.Build.0 = Release|Win32
		{99B23083-6AB6-41C3-9E69-4C135EFB66CF}.Debug|x64.ActiveCfg = Debug|x64
		{99B23083-6AB6-41C3-9E69-4C135EFB66CF}.Debug|x64.Build.0 = Debug|x64
		{99B23083-6AB6-41C3-9E69-4C135EFB66CF}.Debug|x86.ActiveCfg = Debug|Win32
		{99B23083-6AB6-41C3-9E69-4C135EFB66CF}.Debug|x86.Build.0 = Debug|Win32
		{99B23083-6AB6-41C3-9E69-4C135EFB66CF}.Release|x64.ActiveCfg = Release|x64
		{99B23083-6AB6-41C3-9E69-4C135EFB66CF}.Release|x64.Build.0 = Release|x64
		{99B23083-6AB6-41C3-9E69-4C135EFB66CF}.Release|x86.ActiveCfg = Release|Win32
		{99B23083-6AB6-41C3-9E69-4C135EFB66CF}.Release|x86.Build.0 = Release|Win32
	EndGlobalSection
	GlobalSection(SolutionProperties) = preSolution
		HideSolutionNode = FALSE
	EndGlobalSection
	GlobalSection(ExtensibilityGlobals) = postSolution
		SolutionGuid = {9DAFC738-F06D-4C6E-9B7B-352B6A0492E1}
	EndGlobalSection
EndGlobal
