
Microsoft Visual Studio Solution File, Format Version 12.00
# Visual Studio Version 17
VisualStudioVersion = 17.3.32901.215
MinimumVisualStudioVersion = 10.0.40219.1
Project("{8BC9CEB8-8B4A-11D0-8D11-00A0C91BC942}") = "Task1", "Task1\Task1.vcxproj", "{BBDBB730-069C-4197-B758-A0079D6CB788}"
EndProject
Project("{8BC9CEB8-8B4A-11D0-8D11-00A0C91BC942}") = "Task2", "Task2\Task2.vcxproj", "{892FD7D0-38F8-4763-8E71-44187601BB54}"
EndProject
Project("{8BC9CEB8-8B4A-11D0-8D11-00A0C91BC942}") = "Task3", "Task3\Task3.vcxproj", "{79FDDD4F-661B-4EC6-B5A9-F1A5E1B677BF}"
EndProject
Project("{8BC9CEB8-8B4A-11D0-8D11-00A0C91BC942}") = "Task4", "Task4\Task4.vcxproj", "{9C9C54CC-2FD1-495B-A213-54EB0342CC84}"
EndProject
Project("{8BC9CEB8-8B4A-11D0-8D11-00A0C91BC942}") = "Task5", "Task5\Task5.vcxproj", "{1DFB31D0-C4B6-47E0-AB46-7E9239287505}"
EndProject
Project("{8BC9CEB8-8B4A-11D0-8D11-00A0C91BC942}") = "Task6", "Task6\Task6.vcxproj", "{A2176541-5583-4D42-A3D1-1B9F7E9FA7D5}"
EndProject
Project("{8BC9CEB8-8B4A-11D0-8D11-00A0C91BC942}") = "Task7", "Task7\Task7.vcxproj", "{FA70748B-8274-4AD0-9061-6B922B250F74}"
EndProject
Project("{8BC9CEB8-8B4A-11D0-8D11-00A0C91BC942}") = "Task8", "Task8\Task8.vcxproj", "{14067176-1AB7-45E2-ACA8-2720045E3201}"
EndProject
Project("{8BC9CEB8-8B4A-11D0-8D11-00A0C91BC942}") = "Task9", "Task9\Task9.vcxproj", "{A2B411F6-5024-4FD9-9E78-753946F5ABB3}"
EndProject
Project("{8BC9CEB8-8B4A-11D0-8D11-00A0C91BC942}") = "Task10", "Task10\Task10.vcxproj", "{493A4FB4-0E3E-47B9-BBF5-1A48BD72C091}"
EndProject
Global
	GlobalSection(SolutionConfigurationPlatforms) = preSolution
		Debug|x64 = Debug|x64
		Debug|x86 = Debug|x86
		Release|x64 = Release|x64
		Release|x86 = Release|x86
	EndGlobalSection
	GlobalSection(ProjectConfigurationPlatforms) = postSolution
		{BBDBB730-069C-4197-B758-A0079D6CB788}.Debug|x64.ActiveCfg = Debug|x64
		{BBDBB730-069C-4197-B758-A0079D6CB788}.Debug|x64.Build.0 = Debug|x64
		{BBDBB730-069C-4197-B758-A0079D6CB788}.Debug|x86.ActiveCfg = Debug|Win32
		{BBDBB730-069C-4197-B758-A0079D6CB788}.Debug|x86.Build.0 = Debug|Win32
		{BBDBB730-069C-4197-B758-A0079D6CB788}.Release|x64.ActiveCfg = Release|x64
		{BBDBB730-069C-4197-B758-A0079D6CB788}.Release|x64.Build.0 = Release|x64
		{BBDBB730-069C-4197-B758-A0079D6CB788}.Release|x86.ActiveCfg = Release|Win32
		{BBDBB730-069C-4197-B758-A0079D6CB788}.Release|x86.Build.0 = Release|Win32
		{892FD7D0-38F8-4763-8E71-44187601BB54}.Debug|x64.ActiveCfg = Debug|x64
		{892FD7D0-38F8-4763-8E71-44187601BB54}.Debug|x64.Build.0 = Debug|x64
		{892FD7D0-38F8-4763-8E71-44187601BB54}.Debug|x86.ActiveCfg = Debug|Win32
		{892FD7D0-38F8-4763-8E71-44187601BB54}.Debug|x86.Build.0 = Debug|Win32
		{892FD7D0-38F8-4763-8E71-44187601BB54}.Release|x64.ActiveCfg = Release|x64
		{892FD7D0-38F8-4763-8E71-44187601BB54}.Release|x64.Build.0 = Release|x64
		{892FD7D0-38F8-4763-8E71-44187601BB54}.Release|x86.ActiveCfg = Release|Win32
		{892FD7D0-38F8-4763-8E71-44187601BB54}.Release|x86.Build.0 = Release|Win32
		{79FDDD4F-661B-4EC6-B5A9-F1A5E1B677BF}.Debug|x64.ActiveCfg = Debug|x64
		{79FDDD4F-661B-4EC6-B5A9-F1A5E1B677BF}.Debug|x64.Build.0 = Debug|x64
		{79FDDD4F-661B-4EC6-B5A9-F1A5E1B677BF}.Debug|x86.ActiveCfg = Debug|Win32
		{79FDDD4F-661B-4EC6-B5A9-F1A5E1B677BF}.Debug|x86.Build.0 = Debug|Win32
		{79FDDD4F-661B-4EC6-B5A9-F1A5E1B677BF}.Release|x64.ActiveCfg = Release|x64
		{79FDDD4F-661B-4EC6-B5A9-F1A5E1B677BF}.Release|x64.Build.0 = Release|x64
		{79FDDD4F-661B-4EC6-B5A9-F1A5E1B677BF}.Release|x86.ActiveCfg = Release|Win32
		{79FDDD4F-661B-4EC6-B5A9-F1A5E1B677BF}.Release|x86.Build.0 = Release|Win32
		{9C9C54CC-2FD1-495B-A213-54EB0342CC84}.Debug|x64.ActiveCfg = Debug|x64
		{9C9C54CC-2FD1-495B-A213-54EB0342CC84}.Debug|x64.Build.0 = Debug|x64
		{9C9C54CC-2FD1-495B-A213-54EB0342CC84}.Debug|x86.ActiveCfg = Debug|Win32
		{9C9C54CC-2FD1-495B-A213-54EB0342CC84}.Debug|x86.Build.0 = Debug|Win32
		{9C9C54CC-2FD1-495B-A213-54EB0342CC84}.Release|x64.ActiveCfg = Release|x64
		{9C9C54CC-2FD1-495B-A213-54EB0342CC84}.Release|x64.Build.0 = Release|x64
		{9C9C54CC-2FD1-495B-A213-54EB0342CC84}.Release|x86.ActiveCfg = Release|Win32
		{9C9C54CC-2FD1-495B-A213-54EB0342CC84}.Release|x86.Build.0 = Release|Win32
		{1DFB31D0-C4B6-47E0-AB46-7E9239287505}.Debug|x64.ActiveCfg = Debug|x64
		{1DFB31D0-C4B6-47E0-AB46-7E9239287505}.Debug|x64.Build.0 = Debug|x64
		{1DFB31D0-C4B6-47E0-AB46-7E9239287505}.Debug|x86.ActiveCfg = Debug|Win32
		{1DFB31D0-C4B6-47E0-AB46-7E9239287505}.Debug|x86.Build.0 = Debug|Win32
		{1DFB31D0-C4B6-47E0-AB46-7E9239287505}.Release|x64.ActiveCfg = Release|x64
		{1DFB31D0-C4B6-47E0-AB46-7E9239287505}.Release|x64.Build.0 = Release|x64
		{1DFB31D0-C4B6-47E0-AB46-7E9239287505}.Release|x86.ActiveCfg = Release|Win32
		{1DFB31D0-C4B6-47E0-AB46-7E9239287505}.Release|x86.Build.0 = Release|Win32
		{A2176541-5583-4D42-A3D1-1B9F7E9FA7D5}.Debug|x64.ActiveCfg = Debug|x64
		{A2176541-5583-4D42-A3D1-1B9F7E9FA7D5}.Debug|x64.Build.0 = Debug|x64
		{A2176541-5583-4D42-A3D1-1B9F7E9FA7D5}.Debug|x86.ActiveCfg = Debug|Win32
		{A2176541-5583-4D42-A3D1-1B9F7E9FA7D5}.Debug|x86.Build.0 = Debug|Win32
		{A2176541-5583-4D42-A3D1-1B9F7E9FA7D5}.Release|x64.ActiveCfg = Release|x64
		{A2176541-5583-4D42-A3D1-1B9F7E9FA7D5}.Release|x64.Build.0 = Release|x64
		{A2176541-5583-4D42-A3D1-1B9F7E9FA7D5}.Release|x86.ActiveCfg = Release|Win32
		{A2176541-5583-4D42-A3D1-1B9F7E9FA7D5}.Release|x86.Build.0 = Release|Win32
		{FA70748B-8274-4AD0-9061-6B922B250F74}.Debug|x64.ActiveCfg = Debug|x64
		{FA70748B-8274-4AD0-9061-6B922B250F74}.Debug|x64.Build.0 = Debug|x64
		{FA70748B-8274-4AD0-9061-6B922B250F74}.Debug|x86.ActiveCfg = Debug|Win32
		{FA70748B-8274-4AD0-9061-6B922B250F74}.Debug|x86.Build.0 = Debug|Win32
		{FA70748B-8274-4AD0-9061-6B922B250F74}.Release|x64.ActiveCfg = Release|x64
		{FA70748B-8274-4AD0-9061-6B922B250F74}.Release|x64.Build.0 = Release|x64
		{FA70748B-8274-4AD0-9061-6B922B250F74}.Release|x86.ActiveCfg = Release|Win32
		{FA70748B-8274-4AD0-9061-6B922B250F74}.Release|x86.Build.0 = Release|Win32
		{14067176-1AB7-45E2-ACA8-2720045E3201}.Debug|x64.ActiveCfg = Debug|x64
		{14067176-1AB7-45E2-ACA8-2720045E3201}.Debug|x64.Build.0 = Debug|x64
		{14067176-1AB7-45E2-ACA8-2720045E3201}.Debug|x86.ActiveCfg = Debug|Win32
		{14067176-1AB7-45E2-ACA8-2720045E3201}.Debug|x86.Build.0 = Debug|Win32
		{14067176-1AB7-45E2-ACA8-2720045E3201}.Release|x64.ActiveCfg = Release|x64
		{14067176-1AB7-45E2-ACA8-2720045E3201}.Release|x64.Build.0 = Release|x64
		{14067176-1AB7-45E2-ACA8-2720045E3201}.Release|x86.ActiveCfg = Release|Win32
		{14067176-1AB7-45E2-ACA8-2720045E3201}.Release|x86.Build.0 = Release|Win32
		{A2B411F6-5024-4FD9-9E78-753946F5ABB3}.Debug|x64.ActiveCfg = Debug|x64
		{A2B411F6-5024-4FD9-9E78-753946F5ABB3}.Debug|x64.Build.0 = Debug|x64
		{A2B411F6-5024-4FD9-9E78-753946F5ABB3}.Debug|x86.ActiveCfg = Debug|Win32
		{A2B411F6-5024-4FD9-9E78-753946F5ABB3}.Debug|x86.Build.0 = Debug|Win32
		{A2B411F6-5024-4FD9-9E78-753946F5ABB3}.Release|x64.ActiveCfg = Release|x64
		{A2B411F6-5024-4FD9-9E78-753946F5ABB3}.Release|x64.Build.0 = Release|x64
		{A2B411F6-5024-4FD9-9E78-753946F5ABB3}.Release|x86.ActiveCfg = Release|Win32
		{A2B411F6-5024-4FD9-9E78-753946F5ABB3}.Release|x86.Build.0 = Release|Win32
		{493A4FB4-0E3E-47B9-BBF5-1A48BD72C091}.Debug|x64.ActiveCfg = Debug|x64
		{493A4FB4-0E3E-47B9-BBF5-1A48BD72C091}.Debug|x64.Build.0 = Debug|x64
		{493A4FB4-0E3E-47B9-BBF5-1A48BD72C091}.Debug|x86.ActiveCfg = Debug|Win32
		{493A4FB4-0E3E-47B9-BBF5-1A48BD72C091}.Debug|x86.Build.0 = Debug|Win32
		{493A4FB4-0E3E-47B9-BBF5-1A48BD72C091}.Release|x64.ActiveCfg = Release|x64
		{493A4FB4-0E3E-47B9-BBF5-1A48BD72C091}.Release|x64.Build.0 = Release|x64
		{493A4FB4-0E3E-47B9-BBF5-1A48BD72C091}.Release|x86.ActiveCfg = Release|Win32
		{493A4FB4-0E3E-47B9-BBF5-1A48BD72C091}.Release|x86.Build.0 = Release|Win32
	EndGlobalSection
	GlobalSection(SolutionProperties) = preSolution
		HideSolutionNode = FALSE
	EndGlobalSection
	GlobalSection(ExtensibilityGlobals) = postSolution
		SolutionGuid = {B61E3CE5-A250-465B-B461-7E24A8D07434}
	EndGlobalSection
EndGlobal
