
Microsoft Visual Studio Solution File, Format Version 12.00
# Visual Studio Version 17
VisualStudioVersion = 17.3.32901.215
MinimumVisualStudioVersion = 10.0.40219.1
Project("{8BC9CEB8-8B4A-11D0-8D11-00A0C91BC942}") = "Task1", "Task1\Task1.vcxproj", "{DCD69345-8B53-40AF-AEAB-29E0C3B47749}"
EndProject
Project("{8BC9CEB8-8B4A-11D0-8D11-00A0C91BC942}") = "Task2", "Task2\Task2.vcxproj", "{BA9D3EDF-7BE4-44EF-8058-DE6548AAD053}"
EndProject
Project("{8BC9CEB8-8B4A-11D0-8D11-00A0C91BC942}") = "Task3", "Task3\Task3.vcxproj", "{65782D0A-ED60-46AF-AB92-994F7BB3AAE5}"
EndProject
Project("{8BC9CEB8-8B4A-11D0-8D11-00A0C91BC942}") = "Task4", "Task4\Task4.vcxproj", "{33FCFAC6-2FAB-425D-BC7D-B881F3783E98}"
EndProject
Project("{8BC9CEB8-8B4A-11D0-8D11-00A0C91BC942}") = "Task5", "Task5\Task5.vcxproj", "{4CE5F762-8070-47F2-9691-ECC9CF0655CE}"
EndProject
Project("{8BC9CEB8-8B4A-11D0-8D11-00A0C91BC942}") = "Task6", "Task6\Task6.vcxproj", "{593A6510-7BCB-41C8-BF57-3045D9D14290}"
EndProject
Project("{8BC9CEB8-8B4A-11D0-8D11-00A0C91BC942}") = "Task7", "Task7\Task7.vcxproj", "{07CD476C-7DB3-4FD4-8836-C562CF5F22CF}"
EndProject
Project("{8BC9CEB8-8B4A-11D0-8D11-00A0C91BC942}") = "Task8", "Task8\Task8.vcxproj", "{8D343913-C8F9-4AAD-9006-68C3BB0BFC71}"
EndProject
Project("{8BC9CEB8-8B4A-11D0-8D11-00A0C91BC942}") = "Task9", "Task9\Task9.vcxproj", "{05239E62-FBCF-46E1-B713-D6DF876770E3}"
EndProject
Project("{8BC9CEB8-8B4A-11D0-8D11-00A0C91BC942}") = "Task10", "Task10\Task10.vcxproj", "{BF5EFA5C-DE36-4F59-8E8E-3F0E2ECC2E97}"
EndProject
Global
	GlobalSection(SolutionConfigurationPlatforms) = preSolution
		Debug|x64 = Debug|x64
		Debug|x86 = Debug|x86
		Release|x64 = Release|x64
		Release|x86 = Release|x86
	EndGlobalSection
	GlobalSection(ProjectConfigurationPlatforms) = postSolution
		{DCD69345-8B53-40AF-AEAB-29E0C3B47749}.Debug|x64.ActiveCfg = Debug|x64
		{DCD69345-8B53-40AF-AEAB-29E0C3B47749}.Debug|x64.Build.0 = Debug|x64
		{DCD69345-8B53-40AF-AEAB-29E0C3B47749}.Debug|x86.ActiveCfg = Debug|Win32
		{DCD69345-8B53-40AF-AEAB-29E0C3B47749}.Debug|x86.Build.0 = Debug|Win32
		{DCD69345-8B53-40AF-AEAB-29E0C3B47749}.Release|x64.ActiveCfg = Release|x64
		{DCD69345-8B53-40AF-AEAB-29E0C3B47749}.Release|x64.Build.0 = Release|x64
		{DCD69345-8B53-40AF-AEAB-29E0C3B47749}.Release|x86.ActiveCfg = Release|Win32
		{DCD69345-8B53-40AF-AEAB-29E0C3B47749}.Release|x86.Build.0 = Release|Win32
		{BA9D3EDF-7BE4-44EF-8058-DE6548AAD053}.Debug|x64.ActiveCfg = Debug|x64
		{BA9D3EDF-7BE4-44EF-8058-DE6548AAD053}.Debug|x64.Build.0 = Debug|x64
		{BA9D3EDF-7BE4-44EF-8058-DE6548AAD053}.Debug|x86.ActiveCfg = Debug|Win32
		{BA9D3EDF-7BE4-44EF-8058-DE6548AAD053}.Debug|x86.Build.0 = Debug|Win32
		{BA9D3EDF-7BE4-44EF-8058-DE6548AAD053}.Release|x64.ActiveCfg = Release|x64
		{BA9D3EDF-7BE4-44EF-8058-DE6548AAD053}.Release|x64.Build.0 = Release|x64
		{BA9D3EDF-7BE4-44EF-8058-DE6548AAD053}.Release|x86.ActiveCfg = Release|Win32
		{BA9D3EDF-7BE4-44EF-8058-DE6548AAD053}.Release|x86.Build.0 = Release|Win32
		{65782D0A-ED60-46AF-AB92-994F7BB3AAE5}.Debug|x64.ActiveCfg = Debug|x64
		{65782D0A-ED60-46AF-AB92-994F7BB3AAE5}.Debug|x64.Build.0 = Debug|x64
		{65782D0A-ED60-46AF-AB92-994F7BB3AAE5}.Debug|x86.ActiveCfg = Debug|Win32
		{65782D0A-ED60-46AF-AB92-994F7BB3AAE5}.Debug|x86.Build.0 = Debug|Win32
		{65782D0A-ED60-46AF-AB92-994F7BB3AAE5}.Release|x64.ActiveCfg = Release|x64
		{65782D0A-ED60-46AF-AB92-994F7BB3AAE5}.Release|x64.Build.0 = Release|x64
		{65782D0A-ED60-46AF-AB92-994F7BB3AAE5}.Release|x86.ActiveCfg = Release|Win32
		{65782D0A-ED60-46AF-AB92-994F7BB3AAE5}.Release|x86.Build.0 = Release|Win32
		{33FCFAC6-2FAB-425D-BC7D-B881F3783E98}.Debug|x64.ActiveCfg = Debug|x64
		{33FCFAC6-2FAB-425D-BC7D-B881F3783E98}.Debug|x64.Build.0 = Debug|x64
		{33FCFAC6-2FAB-425D-BC7D-B881F3783E98}.Debug|x86.ActiveCfg = Debug|Win32
		{33FCFAC6-2FAB-425D-BC7D-B881F3783E98}.Debug|x86.Build.0 = Debug|Win32
		{33FCFAC6-2FAB-425D-BC7D-B881F3783E98}.Release|x64.ActiveCfg = Release|x64
		{33FCFAC6-2FAB-425D-BC7D-B881F3783E98}.Release|x64.Build.0 = Release|x64
		{33FCFAC6-2FAB-425D-BC7D-B881F3783E98}.Release|x86.ActiveCfg = Release|Win32
		{33FCFAC6-2FAB-425D-BC7D-B881F3783E98}.Release|x86.Build.0 = Release|Win32
		{4CE5F762-8070-47F2-9691-ECC9CF0655CE}.Debug|x64.ActiveCfg = Debug|x64
		{4CE5F762-8070-47F2-9691-ECC9CF0655CE}.Debug|x64.Build.0 = Debug|x64
		{4CE5F762-8070-47F2-9691-ECC9CF0655CE}.Debug|x86.ActiveCfg = Debug|Win32
		{4CE5F762-8070-47F2-9691-ECC9CF0655CE}.Debug|x86.Build.0 = Debug|Win32
		{4CE5F762-8070-47F2-9691-ECC9CF0655CE}.Release|x64.ActiveCfg = Release|x64
		{4CE5F762-8070-47F2-9691-ECC9CF0655CE}.Release|x64.Build.0 = Release|x64
		{4CE5F762-8070-47F2-9691-ECC9CF0655CE}.Release|x86.ActiveCfg = Release|Win32
		{4CE5F762-8070-47F2-9691-ECC9CF0655CE}.Release|x86.Build.0 = Release|Win32
		{593A6510-7BCB-41C8-BF57-3045D9D14290}.Debug|x64.ActiveCfg = Debug|x64
		{593A6510-7BCB-41C8-BF57-3045D9D14290}.Debug|x64.Build.0 = Debug|x64
		{593A6510-7BCB-41C8-BF57-3045D9D14290}.Debug|x86.ActiveCfg = Debug|Win32
		{593A6510-7BCB-41C8-BF57-3045D9D14290}.Debug|x86.Build.0 = Debug|Win32
		{593A6510-7BCB-41C8-BF57-3045D9D14290}.Release|x64.ActiveCfg = Release|x64
		{593A6510-7BCB-41C8-BF57-3045D9D14290}.Release|x64.Build.0 = Release|x64
		{593A6510-7BCB-41C8-BF57-3045D9D14290}.Release|x86.ActiveCfg = Release|Win32
		{593A6510-7BCB-41C8-BF57-3045D9D14290}.Release|x86.Build.0 = Release|Win32
		{07CD476C-7DB3-4FD4-8836-C562CF5F22CF}.Debug|x64.ActiveCfg = Debug|x64
		{07CD476C-7DB3-4FD4-8836-C562CF5F22CF}.Debug|x64.Build.0 = Debug|x64
		{07CD476C-7DB3-4FD4-8836-C562CF5F22CF}.Debug|x86.ActiveCfg = Debug|Win32
		{07CD476C-7DB3-4FD4-8836-C562CF5F22CF}.Debug|x86.Build.0 = Debug|Win32
		{07CD476C-7DB3-4FD4-8836-C562CF5F22CF}.Release|x64.ActiveCfg = Release|x64
		{07CD476C-7DB3-4FD4-8836-C562CF5F22CF}.Release|x64.Build.0 = Release|x64
		{07CD476C-7DB3-4FD4-8836-C562CF5F22CF}.Release|x86.ActiveCfg = Release|Win32
		{07CD476C-7DB3-4FD4-8836-C562CF5F22CF}.Release|x86.Build.0 = Release|Win32
		{8D343913-C8F9-4AAD-9006-68C3BB0BFC71}.Debug|x64.ActiveCfg = Debug|x64
		{8D343913-C8F9-4AAD-9006-68C3BB0BFC71}.Debug|x64.Build.0 = Debug|x64
		{8D343913-C8F9-4AAD-9006-68C3BB0BFC71}.Debug|x86.ActiveCfg = Debug|Win32
		{8D343913-C8F9-4AAD-9006-68C3BB0BFC71}.Debug|x86.Build.0 = Debug|Win32
		{8D343913-C8F9-4AAD-9006-68C3BB0BFC71}.Release|x64.ActiveCfg = Release|x64
		{8D343913-C8F9-4AAD-9006-68C3BB0BFC71}.Release|x64.Build.0 = Release|x64
		{8D343913-C8F9-4AAD-9006-68C3BB0BFC71}.Release|x86.ActiveCfg = Release|Win32
		{8D343913-C8F9-4AAD-9006-68C3BB0BFC71}.Release|x86.Build.0 = Release|Win32
		{05239E62-FBCF-46E1-B713-D6DF876770E3}.Debug|x64.ActiveCfg = Debug|x64
		{05239E62-FBCF-46E1-B713-D6DF876770E3}.Debug|x64.Build.0 = Debug|x64
		{05239E62-FBCF-46E1-B713-D6DF876770E3}.Debug|x86.ActiveCfg = Debug|Win32
		{05239E62-FBCF-46E1-B713-D6DF876770E3}.Debug|x86.Build.0 = Debug|Win32
		{05239E62-FBCF-46E1-B713-D6DF876770E3}.Release|x64.ActiveCfg = Release|x64
		{05239E62-FBCF-46E1-B713-D6DF876770E3}.Release|x64.Build.0 = Release|x64
		{05239E62-FBCF-46E1-B713-D6DF876770E3}.Release|x86.ActiveCfg = Release|Win32
		{05239E62-FBCF-46E1-B713-D6DF876770E3}.Release|x86.Build.0 = Release|Win32
		{BF5EFA5C-DE36-4F59-8E8E-3F0E2ECC2E97}.Debug|x64.ActiveCfg = Debug|x64
		{BF5EFA5C-DE36-4F59-8E8E-3F0E2ECC2E97}.Debug|x64.Build.0 = Debug|x64
		{BF5EFA5C-DE36-4F59-8E8E-3F0E2ECC2E97}.Debug|x86.ActiveCfg = Debug|Win32
		{BF5EFA5C-DE36-4F59-8E8E-3F0E2ECC2E97}.Debug|x86.Build.0 = Debug|Win32
		{BF5EFA5C-DE36-4F59-8E8E-3F0E2ECC2E97}.Release|x64.ActiveCfg = Release|x64
		{BF5EFA5C-DE36-4F59-8E8E-3F0E2ECC2E97}.Release|x64.Build.0 = Release|x64
		{BF5EFA5C-DE36-4F59-8E8E-3F0E2ECC2E97}.Release|x86.ActiveCfg = Release|Win32
		{BF5EFA5C-DE36-4F59-8E8E-3F0E2ECC2E97}.Release|x86.Build.0 = Release|Win32
	EndGlobalSection
	GlobalSection(SolutionProperties) = preSolution
		HideSolutionNode = FALSE
	EndGlobalSection
	GlobalSection(ExtensibilityGlobals) = postSolution
		SolutionGuid = {4053187C-8E95-40BB-A6C2-A47DDE42C587}
	EndGlobalSection
EndGlobal
